// !$*UTF8*$!
{
	archiveVersion = 1;
	classes = {
	};
	objectVersion = 46;
	objects = {

/* Begin PBXBuildFile section */
		3607D655164096A2008B7378 /* DeadlineViewController.m in Sources */ = {isa = PBXBuildFile; fileRef = 3607D654164096A2008B7378 /* DeadlineViewController.m */; };
		360EA214161F52C30005788D /* UIKit.framework in Frameworks */ = {isa = PBXBuildFile; fileRef = 360EA213161F52C30005788D /* UIKit.framework */; };
		360EA216161F52C30005788D /* Foundation.framework in Frameworks */ = {isa = PBXBuildFile; fileRef = 360EA215161F52C30005788D /* Foundation.framework */; };
		360EA218161F52C30005788D /* CoreGraphics.framework in Frameworks */ = {isa = PBXBuildFile; fileRef = 360EA217161F52C30005788D /* CoreGraphics.framework */; };
		360EA220161F52C40005788D /* main.m in Sources */ = {isa = PBXBuildFile; fileRef = 360EA21F161F52C40005788D /* main.m */; };
		360EA224161F52C40005788D /* AppDelegate.m in Sources */ = {isa = PBXBuildFile; fileRef = 360EA223161F52C40005788D /* AppDelegate.m */; };
		360EA22D161F52C40005788D /* MainStoryboard.storyboard in Resources */ = {isa = PBXBuildFile; fileRef = 360EA22B161F52C40005788D /* MainStoryboard.storyboard */; };
		361A05B4163C463C00A3A0F9 /* SubjectViewController.m in Sources */ = {isa = PBXBuildFile; fileRef = 361A05B3163C463C00A3A0F9 /* SubjectViewController.m */; };
		36261E0D1620484C00CAC0FB /* HomescreenViewController.m in Sources */ = {isa = PBXBuildFile; fileRef = 36261E0C1620484C00CAC0FB /* HomescreenViewController.m */; };
		362C8FEE1637FB860029C0AC /* JOTask.m in Sources */ = {isa = PBXBuildFile; fileRef = 362C8FED1637FB860029C0AC /* JOTask.m */; };
		362C8FF21637FFA20029C0AC /* HausaufgabenViewController.m in Sources */ = {isa = PBXBuildFile; fileRef = 362C8FF11637FFA20029C0AC /* HausaufgabenViewController.m */; };
		3644DC85164171D000A124D0 /* Default-568h@2x.png in Resources */ = {isa = PBXBuildFile; fileRef = 3644DC84164171D000A124D0 /* Default-568h@2x.png */; };
		3654A05C1637D01A00338E9C /* AddNoteViewController.m in Sources */ = {isa = PBXBuildFile; fileRef = 3654A05B1637D01A00338E9C /* AddNoteViewController.m */; };
		3677EFC6164AD574002DFE83 /* Default.png in Resources */ = {isa = PBXBuildFile; fileRef = 3677EFC5164AD574002DFE83 /* Default.png */; };
		3677EFC8164AD61E002DFE83 /* background.png in Resources */ = {isa = PBXBuildFile; fileRef = 3677EFC7164AD61E002DFE83 /* background.png */; };
		3677EFD4164AE47D002DFE83 /* Icon.png in Resources */ = {isa = PBXBuildFile; fileRef = 3677EFD3164AE47D002DFE83 /* Icon.png */; };
		3677EFD6164AE47F002DFE83 /* Icon@2x.png in Resources */ = {isa = PBXBuildFile; fileRef = 3677EFD5164AE47F002DFE83 /* Icon@2x.png */; };
		36A057A916204D06006EF4E4 /* ImpressumViewController.m in Sources */ = {isa = PBXBuildFile; fileRef = 36A057A816204D06006EF4E4 /* ImpressumViewController.m */; };
		36A057AD1620554B006EF4E4 /* Default@2x.png in Resources */ = {isa = PBXBuildFile; fileRef = 36A057AC1620554B006EF4E4 /* Default@2x.png */; };
		36A057ED16206022006EF4E4 /* NotizenViewController.m in Sources */ = {isa = PBXBuildFile; fileRef = 36A057EC16206022006EF4E4 /* NotizenViewController.m */; };
		36A13A981633664800A49393 /* EventKit.framework in Frameworks */ = {isa = PBXBuildFile; fileRef = 36A13A961633664800A49393 /* EventKit.framework */; };
		36A13A991633664800A49393 /* EventKitUI.framework in Frameworks */ = {isa = PBXBuildFile; fileRef = 36A13A971633664800A49393 /* EventKitUI.framework */; };
		36AE1EE31638570A0034CCC4 /* AddTaskViewController.m in Sources */ = {isa = PBXBuildFile; fileRef = 36AE1EE21638570A0034CCC4 /* AddTaskViewController.m */; };
		36D1A9D01639EBD4000541CF /* TermineViewController.m in Sources */ = {isa = PBXBuildFile; fileRef = 36D1A9CF1639EBD4000541CF /* TermineViewController.m */; };
		36D1A9E4163A8F9D000541CF /* EditTaskViewController.m in Sources */ = {isa = PBXBuildFile; fileRef = 36D1A9E3163A8F9D000541CF /* EditTaskViewController.m */; };
		36DD7291164967B800D2C664 /* InfoPlist.strings in Resources */ = {isa = PBXBuildFile; fileRef = 36DD728F164967B800D2C664 /* InfoPlist.strings */; };
		36DD729C16496C6200D2C664 /* JONote.m in Sources */ = {isa = PBXBuildFile; fileRef = 36DD729B16496C6200D2C664 /* JONote.m */; };
		36DD72C41649832000D2C664 /* EditNoteViewController.m in Sources */ = {isa = PBXBuildFile; fileRef = 36DD72C31649832000D2C664 /* EditNoteViewController.m */; };
		36E71E0B161F68C1000EC087 /* SchulkalenderViewController.m in Sources */ = {isa = PBXBuildFile; fileRef = 36E71E0A161F68C1000EC087 /* SchulkalenderViewController.m */; };
		36E71E0E161F68CE000EC087 /* StundenplanViewController.m in Sources */ = {isa = PBXBuildFile; fileRef = 36E71E0D161F68CE000EC087 /* StundenplanViewController.m */; };
		36E71E12161F68FF000EC087 /* HelpViewController.m in Sources */ = {isa = PBXBuildFile; fileRef = 36E71E11161F68FF000EC087 /* HelpViewController.m */; };
/* End PBXBuildFile section */

/* Begin PBXFileReference section */
		3607D653164096A2008B7378 /* DeadlineViewController.h */ = {isa = PBXFileReference; fileEncoding = 4; lastKnownFileType = sourcecode.c.h; path = DeadlineViewController.h; sourceTree = "<group>"; };
		3607D654164096A2008B7378 /* DeadlineViewController.m */ = {isa = PBXFileReference; fileEncoding = 4; lastKnownFileType = sourcecode.c.objc; path = DeadlineViewController.m; sourceTree = "<group>"; };
		360EA20F161F52C30005788D /* SchulOrg.app */ = {isa = PBXFileReference; explicitFileType = wrapper.application; includeInIndex = 0; path = SchulOrg.app; sourceTree = BUILT_PRODUCTS_DIR; };
		360EA213161F52C30005788D /* UIKit.framework */ = {isa = PBXFileReference; lastKnownFileType = wrapper.framework; name = UIKit.framework; path = System/Library/Frameworks/UIKit.framework; sourceTree = SDKROOT; };
		360EA215161F52C30005788D /* Foundation.framework */ = {isa = PBXFileReference; lastKnownFileType = wrapper.framework; name = Foundation.framework; path = System/Library/Frameworks/Foundation.framework; sourceTree = SDKROOT; };
		360EA217161F52C30005788D /* CoreGraphics.framework */ = {isa = PBXFileReference; lastKnownFileType = wrapper.framework; name = CoreGraphics.framework; path = System/Library/Frameworks/CoreGraphics.framework; sourceTree = SDKROOT; };
		360EA21B161F52C30005788D /* SchulOrg-Info.plist */ = {isa = PBXFileReference; lastKnownFileType = text.plist.xml; name = "SchulOrg-Info.plist"; path = "../SchulOrg-Info.plist"; sourceTree = "<group>"; };
		360EA21F161F52C40005788D /* main.m */ = {isa = PBXFileReference; lastKnownFileType = sourcecode.c.objc; name = main.m; path = ../main.m; sourceTree = "<group>"; };
		360EA221161F52C40005788D /* SchulOrg-Prefix.pch */ = {isa = PBXFileReference; lastKnownFileType = sourcecode.c.h; name = "SchulOrg-Prefix.pch"; path = "../SchulOrg-Prefix.pch"; sourceTree = "<group>"; };
		360EA222161F52C40005788D /* AppDelegate.h */ = {isa = PBXFileReference; lastKnownFileType = sourcecode.c.h; name = AppDelegate.h; path = ../AppDelegate.h; sourceTree = "<group>"; };
		360EA223161F52C40005788D /* AppDelegate.m */ = {isa = PBXFileReference; lastKnownFileType = sourcecode.c.objc; name = AppDelegate.m; path = ../AppDelegate.m; sourceTree = "<group>"; };
		361A05B2163C463C00A3A0F9 /* SubjectViewController.h */ = {isa = PBXFileReference; fileEncoding = 4; lastKnownFileType = sourcecode.c.h; path = SubjectViewController.h; sourceTree = "<group>"; };
		361A05B3163C463C00A3A0F9 /* SubjectViewController.m */ = {isa = PBXFileReference; fileEncoding = 4; lastKnownFileType = sourcecode.c.objc; path = SubjectViewController.m; sourceTree = "<group>"; };
		36261E0B1620484C00CAC0FB /* HomescreenViewController.h */ = {isa = PBXFileReference; fileEncoding = 4; lastKnownFileType = sourcecode.c.h; path = HomescreenViewController.h; sourceTree = SOURCE_ROOT; };
		36261E0C1620484C00CAC0FB /* HomescreenViewController.m */ = {isa = PBXFileReference; fileEncoding = 4; lastKnownFileType = sourcecode.c.objc; path = HomescreenViewController.m; sourceTree = SOURCE_ROOT; };
		362C8FEC1637FB860029C0AC /* JOTask.h */ = {isa = PBXFileReference; fileEncoding = 4; lastKnownFileType = sourcecode.c.h; path = JOTask.h; sourceTree = "<group>"; };
		362C8FED1637FB860029C0AC /* JOTask.m */ = {isa = PBXFileReference; fileEncoding = 4; lastKnownFileType = sourcecode.c.objc; path = JOTask.m; sourceTree = "<group>"; };
		362C8FF01637FFA20029C0AC /* HausaufgabenViewController.h */ = {isa = PBXFileReference; fileEncoding = 4; lastKnownFileType = sourcecode.c.h; path = HausaufgabenViewController.h; sourceTree = "<group>"; };
		362C8FF11637FFA20029C0AC /* HausaufgabenViewController.m */ = {isa = PBXFileReference; fileEncoding = 4; lastKnownFileType = sourcecode.c.objc; lineEnding = 0; path = HausaufgabenViewController.m; sourceTree = "<group>"; xcLanguageSpecificationIdentifier = xcode.lang.objc; };
		3644DC84164171D000A124D0 /* Default-568h@2x.png */ = {isa = PBXFileReference; lastKnownFileType = image.png; path = "Default-568h@2x.png"; sourceTree = "<group>"; };
		3654A05A1637D01A00338E9C /* AddNoteViewController.h */ = {isa = PBXFileReference; fileEncoding = 4; lastKnownFileType = sourcecode.c.h; path = AddNoteViewController.h; sourceTree = "<group>"; };
		3654A05B1637D01A00338E9C /* AddNoteViewController.m */ = {isa = PBXFileReference; fileEncoding = 4; lastKnownFileType = sourcecode.c.objc; path = AddNoteViewController.m; sourceTree = "<group>"; };
		3677EFC5164AD574002DFE83 /* Default.png */ = {isa = PBXFileReference; lastKnownFileType = image.png; path = Default.png; sourceTree = "<group>"; };
		3677EFC7164AD61E002DFE83 /* background.png */ = {isa = PBXFileReference; lastKnownFileType = image.png; name = background.png; path = SchulOrg/background.png; sourceTree = SOURCE_ROOT; };
		3677EFD0164ADCB5002DFE83 /* de */ = {isa = PBXFileReference; lastKnownFileType = file.storyboard; name = de; path = de.lproj/MainStoryboard.storyboard; sourceTree = "<group>"; };
		3677EFD2164ADD20002DFE83 /* de */ = {isa = PBXFileReference; lastKnownFileType = text.plist.strings; name = de; path = de.lproj/InfoPlist.strings; sourceTree = "<group>"; };
		3677EFD3164AE47D002DFE83 /* Icon.png */ = {isa = PBXFileReference; lastKnownFileType = image.png; path = Icon.png; sourceTree = "<group>"; };
		3677EFD5164AE47F002DFE83 /* Icon@2x.png */ = {isa = PBXFileReference; lastKnownFileType = image.png; path = "Icon@2x.png"; sourceTree = "<group>"; };
		36A057A716204D06006EF4E4 /* ImpressumViewController.h */ = {isa = PBXFileReference; fileEncoding = 4; lastKnownFileType = sourcecode.c.h; name = ImpressumViewController.h; path = ../ImpressumViewController.h; sourceTree = "<group>"; };
		36A057A816204D06006EF4E4 /* ImpressumViewController.m */ = {isa = PBXFileReference; fileEncoding = 4; lastKnownFileType = sourcecode.c.objc; name = ImpressumViewController.m; path = ../ImpressumViewController.m; sourceTree = "<group>"; };
		36A057AC1620554B006EF4E4 /* Default@2x.png */ = {isa = PBXFileReference; lastKnownFileType = image.png; path = "Default@2x.png"; sourceTree = "<group>"; };
		36A057EB16206022006EF4E4 /* NotizenViewController.h */ = {isa = PBXFileReference; fileEncoding = 4; lastKnownFileType = sourcecode.c.h; path = NotizenViewController.h; sourceTree = "<group>"; };
		36A057EC16206022006EF4E4 /* NotizenViewController.m */ = {isa = PBXFileReference; fileEncoding = 4; lastKnownFileType = sourcecode.c.objc; path = NotizenViewController.m; sourceTree = "<group>"; };
		36A13A961633664800A49393 /* EventKit.framework */ = {isa = PBXFileReference; lastKnownFileType = wrapper.framework; name = EventKit.framework; path = System/Library/Frameworks/EventKit.framework; sourceTree = SDKROOT; };
		36A13A971633664800A49393 /* EventKitUI.framework */ = {isa = PBXFileReference; lastKnownFileType = wrapper.framework; name = EventKitUI.framework; path = System/Library/Frameworks/EventKitUI.framework; sourceTree = SDKROOT; };
		36AE1EE11638570A0034CCC4 /* AddTaskViewController.h */ = {isa = PBXFileReference; fileEncoding = 4; lastKnownFileType = sourcecode.c.h; path = AddTaskViewController.h; sourceTree = "<group>"; };
		36AE1EE21638570A0034CCC4 /* AddTaskViewController.m */ = {isa = PBXFileReference; fileEncoding = 4; lastKnownFileType = sourcecode.c.objc; path = AddTaskViewController.m; sourceTree = "<group>"; };
		36D1A9CE1639EBD4000541CF /* TermineViewController.h */ = {isa = PBXFileReference; fileEncoding = 4; lastKnownFileType = sourcecode.c.h; path = TermineViewController.h; sourceTree = "<group>"; };
		36D1A9CF1639EBD4000541CF /* TermineViewController.m */ = {isa = PBXFileReference; fileEncoding = 4; lastKnownFileType = sourcecode.c.objc; path = TermineViewController.m; sourceTree = "<group>"; };
		36D1A9E2163A8F9D000541CF /* EditTaskViewController.h */ = {isa = PBXFileReference; fileEncoding = 4; lastKnownFileType = sourcecode.c.h; path = EditTaskViewController.h; sourceTree = "<group>"; };
		36D1A9E3163A8F9D000541CF /* EditTaskViewController.m */ = {isa = PBXFileReference; fileEncoding = 4; lastKnownFileType = sourcecode.c.objc; path = EditTaskViewController.m; sourceTree = "<group>"; };
		36DD729A16496C6200D2C664 /* JONote.h */ = {isa = PBXFileReference; fileEncoding = 4; lastKnownFileType = sourcecode.c.h; path = JONote.h; sourceTree = "<group>"; };
		36DD729B16496C6200D2C664 /* JONote.m */ = {isa = PBXFileReference; fileEncoding = 4; lastKnownFileType = sourcecode.c.objc; path = JONote.m; sourceTree = "<group>"; };
		36DD72C21649832000D2C664 /* EditNoteViewController.h */ = {isa = PBXFileReference; fileEncoding = 4; lastKnownFileType = sourcecode.c.h; path = EditNoteViewController.h; sourceTree = "<group>"; };
		36DD72C31649832000D2C664 /* EditNoteViewController.m */ = {isa = PBXFileReference; fileEncoding = 4; lastKnownFileType = sourcecode.c.objc; path = EditNoteViewController.m; sourceTree = "<group>"; };
		36E71E09161F68C1000EC087 /* SchulkalenderViewController.h */ = {isa = PBXFileReference; fileEncoding = 4; lastKnownFileType = sourcecode.c.h; path = SchulkalenderViewController.h; sourceTree = "<group>"; };
		36E71E0A161F68C1000EC087 /* SchulkalenderViewController.m */ = {isa = PBXFileReference; fileEncoding = 4; lastKnownFileType = sourcecode.c.objc; path = SchulkalenderViewController.m; sourceTree = "<group>"; };
		36E71E0C161F68CE000EC087 /* StundenplanViewController.h */ = {isa = PBXFileReference; fileEncoding = 4; lastKnownFileType = sourcecode.c.h; path = StundenplanViewController.h; sourceTree = "<group>"; };
		36E71E0D161F68CE000EC087 /* StundenplanViewController.m */ = {isa = PBXFileReference; fileEncoding = 4; lastKnownFileType = sourcecode.c.objc; path = StundenplanViewController.m; sourceTree = "<group>"; };
		36E71E10161F68FF000EC087 /* HelpViewController.h */ = {isa = PBXFileReference; fileEncoding = 4; lastKnownFileType = sourcecode.c.h; path = HelpViewController.h; sourceTree = "<group>"; };
		36E71E11161F68FF000EC087 /* HelpViewController.m */ = {isa = PBXFileReference; fileEncoding = 4; lastKnownFileType = sourcecode.c.objc; path = HelpViewController.m; sourceTree = "<group>"; };
/* End PBXFileReference section */

/* Begin PBXFrameworksBuildPhase section */
		360EA20C161F52C30005788D /* Frameworks */ = {
			isa = PBXFrameworksBuildPhase;
			buildActionMask = 2147483647;
			files = (
				36A13A981633664800A49393 /* EventKit.framework in Frameworks */,
				36A13A991633664800A49393 /* EventKitUI.framework in Frameworks */,
				360EA214161F52C30005788D /* UIKit.framework in Frameworks */,
				360EA216161F52C30005788D /* Foundation.framework in Frameworks */,
				360EA218161F52C30005788D /* CoreGraphics.framework in Frameworks */,
			);
			runOnlyForDeploymentPostprocessing = 0;
		};
/* End PBXFrameworksBuildPhase section */

/* Begin PBXGroup section */
		360EA204161F52C30005788D = {
			isa = PBXGroup;
			children = (
				360EA219161F52C30005788D /* SchulOrg */,
				360EA212161F52C30005788D /* Frameworks */,
				360EA210161F52C30005788D /* Products */,
			);
			sourceTree = "<group>";
		};
		360EA210161F52C30005788D /* Products */ = {
			isa = PBXGroup;
			children = (
				360EA20F161F52C30005788D /* SchulOrg.app */,
			);
			name = Products;
			sourceTree = "<group>";
		};
		360EA212161F52C30005788D /* Frameworks */ = {
			isa = PBXGroup;
			children = (
				36A13A961633664800A49393 /* EventKit.framework */,
				36A13A971633664800A49393 /* EventKitUI.framework */,
				360EA213161F52C30005788D /* UIKit.framework */,
				360EA215161F52C30005788D /* Foundation.framework */,
				360EA217161F52C30005788D /* CoreGraphics.framework */,
			);
			name = Frameworks;
			sourceTree = "<group>";
		};
		360EA219161F52C30005788D /* SchulOrg */ = {
			isa = PBXGroup;
			children = (
				360EA222161F52C40005788D /* AppDelegate.h */,
				360EA223161F52C40005788D /* AppDelegate.m */,
				360EA22B161F52C40005788D /* MainStoryboard.storyboard */,
				36261E0E1620485000CAC0FB /* Homescreen */,
				360EA239161F56D50005788D /* Hausaufgaben */,
				360EA238161F56C80005788D /* Notizen */,
				360EA237161F56AF0005788D /* Schulkalender */,
				360EA236161F56A60005788D /* Stundenplan */,
				36E71E0F161F68E2000EC087 /* Help */,
				36A057AB16204D16006EF4E4 /* Impressum */,
				360EA21A161F52C30005788D /* Supporting Files */,
			);
			path = SchulOrg;
			sourceTree = "<group>";
		};
		360EA21A161F52C30005788D /* Supporting Files */ = {
			isa = PBXGroup;
			children = (
				3677EFD5164AE47F002DFE83 /* Icon@2x.png */,
				3677EFD3164AE47D002DFE83 /* Icon.png */,
				3677EFC7164AD61E002DFE83 /* background.png */,
				3644DC84164171D000A124D0 /* Default-568h@2x.png */,
				3677EFC5164AD574002DFE83 /* Default.png */,
				36DD728F164967B800D2C664 /* InfoPlist.strings */,
				36A057AC1620554B006EF4E4 /* Default@2x.png */,
				360EA21B161F52C30005788D /* SchulOrg-Info.plist */,
				360EA21F161F52C40005788D /* main.m */,
				360EA221161F52C40005788D /* SchulOrg-Prefix.pch */,
			);
			name = "Supporting Files";
			sourceTree = "<group>";
		};
		360EA236161F56A60005788D /* Stundenplan */ = {
			isa = PBXGroup;
			children = (
				36E71E0C161F68CE000EC087 /* StundenplanViewController.h */,
				36E71E0D161F68CE000EC087 /* StundenplanViewController.m */,
			);
			name = Stundenplan;
			path = ..;
			sourceTree = "<group>";
		};
		360EA237161F56AF0005788D /* Schulkalender */ = {
			isa = PBXGroup;
			children = (
				36D1A9CE1639EBD4000541CF /* TermineViewController.h */,
				36D1A9CF1639EBD4000541CF /* TermineViewController.m */,
				36E71E09161F68C1000EC087 /* SchulkalenderViewController.h */,
				36E71E0A161F68C1000EC087 /* SchulkalenderViewController.m */,
			);
			name = Schulkalender;
			path = ..;
			sourceTree = "<group>";
		};
		360EA238161F56C80005788D /* Notizen */ = {
			isa = PBXGroup;
			children = (
				36DD729A16496C6200D2C664 /* JONote.h */,
				36DD729B16496C6200D2C664 /* JONote.m */,
				36A057EB16206022006EF4E4 /* NotizenViewController.h */,
				36A057EC16206022006EF4E4 /* NotizenViewController.m */,
				3654A05A1637D01A00338E9C /* AddNoteViewController.h */,
				3654A05B1637D01A00338E9C /* AddNoteViewController.m */,
				36DD72C21649832000D2C664 /* EditNoteViewController.h */,
				36DD72C31649832000D2C664 /* EditNoteViewController.m */,
			);
			name = Notizen;
			path = ..;
			sourceTree = "<group>";
		};
		360EA239161F56D50005788D /* Hausaufgaben */ = {
			isa = PBXGroup;
			children = (
				362C8FEC1637FB860029C0AC /* JOTask.h */,
				362C8FED1637FB860029C0AC /* JOTask.m */,
				362C8FF01637FFA20029C0AC /* HausaufgabenViewController.h */,
				362C8FF11637FFA20029C0AC /* HausaufgabenViewController.m */,
				36AE1EE11638570A0034CCC4 /* AddTaskViewController.h */,
				36AE1EE21638570A0034CCC4 /* AddTaskViewController.m */,
				361A05B2163C463C00A3A0F9 /* SubjectViewController.h */,
				361A05B3163C463C00A3A0F9 /* SubjectViewController.m */,
				3607D653164096A2008B7378 /* DeadlineViewController.h */,
				3607D654164096A2008B7378 /* DeadlineViewController.m */,
				36D1A9E2163A8F9D000541CF /* EditTaskViewController.h */,
				36D1A9E3163A8F9D000541CF /* EditTaskViewController.m */,
			);
			name = Hausaufgaben;
			path = ..;
			sourceTree = "<group>";
		};
		36261E0E1620485000CAC0FB /* Homescreen */ = {
			isa = PBXGroup;
			children = (
				36261E0B1620484C00CAC0FB /* HomescreenViewController.h */,
				36261E0C1620484C00CAC0FB /* HomescreenViewController.m */,
			);
			name = Homescreen;
			sourceTree = "<group>";
		};
		36A057AB16204D16006EF4E4 /* Impressum */ = {
			isa = PBXGroup;
			children = (
				36A057A716204D06006EF4E4 /* ImpressumViewController.h */,
				36A057A816204D06006EF4E4 /* ImpressumViewController.m */,
			);
			name = Impressum;
			sourceTree = "<group>";
		};
		36E71E0F161F68E2000EC087 /* Help */ = {
			isa = PBXGroup;
			children = (
				36E71E10161F68FF000EC087 /* HelpViewController.h */,
				36E71E11161F68FF000EC087 /* HelpViewController.m */,
			);
			name = Help;
			path = ..;
			sourceTree = "<group>";
		};
/* End PBXGroup section */

/* Begin PBXNativeTarget section */
		360EA20E161F52C30005788D /* SchulOrg */ = {
			isa = PBXNativeTarget;
			buildConfigurationList = 360EA233161F52C40005788D /* Build configuration list for PBXNativeTarget "SchulOrg" */;
			buildPhases = (
				360EA20B161F52C30005788D /* Sources */,
				360EA20C161F52C30005788D /* Frameworks */,
				360EA20D161F52C30005788D /* Resources */,
				50524F424C454D533F /* ShellScript */,
			);
			buildRules = (
			);
			dependencies = (
			);
			name = SchulOrg;
			productName = SchulOrg;
			productReference = 360EA20F161F52C30005788D /* SchulOrg.app */;
			productType = "com.apple.product-type.application";
		};
/* End PBXNativeTarget section */

/* Begin PBXProject section */
		360EA206161F52C30005788D /* Project object */ = {
			isa = PBXProject;
			attributes = {
				LastUpgradeCheck = 0450;
				ORGANIZATIONNAME = de.Brosu;
			};
			buildConfigurationList = 360EA209161F52C30005788D /* Build configuration list for PBXProject "SchulOrg" */;
			compatibilityVersion = "Xcode 3.2";
			developmentRegion = English;
			hasScannedForEncodings = 0;
			knownRegions = (
				en,
				de,
			);
			mainGroup = 360EA204161F52C30005788D;
			productRefGroup = 360EA210161F52C30005788D /* Products */;
			projectDirPath = "";
			projectRoot = "";
			targets = (
				360EA20E161F52C30005788D /* SchulOrg */,
			);
		};
/* End PBXProject section */

/* Begin PBXResourcesBuildPhase section */
		360EA20D161F52C30005788D /* Resources */ = {
			isa = PBXResourcesBuildPhase;
			buildActionMask = 2147483647;
			files = (
				360EA22D161F52C40005788D /* MainStoryboard.storyboard in Resources */,
				36A057AD1620554B006EF4E4 /* Default@2x.png in Resources */,
				3644DC85164171D000A124D0 /* Default-568h@2x.png in Resources */,
				36DD7291164967B800D2C664 /* InfoPlist.strings in Resources */,
				3677EFC6164AD574002DFE83 /* Default.png in Resources */,
				3677EFC8164AD61E002DFE83 /* background.png in Resources */,
				3677EFD4164AE47D002DFE83 /* Icon.png in Resources */,
				3677EFD6164AE47F002DFE83 /* Icon@2x.png in Resources */,
			);
			runOnlyForDeploymentPostprocessing = 0;
		};
/* End PBXResourcesBuildPhase section */

/* Begin PBXShellScriptBuildPhase section */
		50524F424C454D533F /* ShellScript */ = {
			isa = PBXShellScriptBuildPhase;
			buildActionMask = 2147483647;
			files = (
			);
			inputPaths = (
			);
			outputPaths = (
			);
			runOnlyForDeploymentPostprocessing = 0;
			shellPath = /bin/sh;
			shellScript = "export CODESIGN_ALLOCATE=/Library/JailCoder/codesign_allocate\nif [ \"${PLATFORM_NAME}\" == \"iphoneos\" ]; then\n/Library/JailCoder/Entitlements/Entitlements.py \"my.company.${PROJECT_NAME}\" \"${BUILT_PRODUCTS_DIR}/${WRAPPER_NAME}/${PROJECT_NAME}.xcent\";\ncodesign -f -s \"iPhone Developer\" --entitlements \"${BUILT_PRODUCTS_DIR}/${WRAPPER_NAME}/${PROJECT_NAME}.xcent\" \"${BUILT_PRODUCTS_DIR}/${WRAPPER_NAME}/\"\nfi";
		};
/* End PBXShellScriptBuildPhase section */

/* Begin PBXSourcesBuildPhase section */
		360EA20B161F52C30005788D /* Sources */ = {
			isa = PBXSourcesBuildPhase;
			buildActionMask = 2147483647;
			files = (
				360EA220161F52C40005788D /* main.m in Sources */,
				360EA224161F52C40005788D /* AppDelegate.m in Sources */,
				36E71E0B161F68C1000EC087 /* SchulkalenderViewController.m in Sources */,
				36E71E0E161F68CE000EC087 /* StundenplanViewController.m in Sources */,
				36E71E12161F68FF000EC087 /* HelpViewController.m in Sources */,
				36261E0D1620484C00CAC0FB /* HomescreenViewController.m in Sources */,
				36A057A916204D06006EF4E4 /* ImpressumViewController.m in Sources */,
				36A057ED16206022006EF4E4 /* NotizenViewController.m in Sources */,
				3654A05C1637D01A00338E9C /* AddNoteViewController.m in Sources */,
				362C8FEE1637FB860029C0AC /* JOTask.m in Sources */,
				362C8FF21637FFA20029C0AC /* HausaufgabenViewController.m in Sources */,
				36AE1EE31638570A0034CCC4 /* AddTaskViewController.m in Sources */,
				36D1A9D01639EBD4000541CF /* TermineViewController.m in Sources */,
				36D1A9E4163A8F9D000541CF /* EditTaskViewController.m in Sources */,
				361A05B4163C463C00A3A0F9 /* SubjectViewController.m in Sources */,
				3607D655164096A2008B7378 /* DeadlineViewController.m in Sources */,
				36DD729C16496C6200D2C664 /* JONote.m in Sources */,
				36DD72C41649832000D2C664 /* EditNoteViewController.m in Sources */,
			);
			runOnlyForDeploymentPostprocessing = 0;
		};
/* End PBXSourcesBuildPhase section */

/* Begin PBXVariantGroup section */
		360EA22B161F52C40005788D /* MainStoryboard.storyboard */ = {
			isa = PBXVariantGroup;
			children = (
				3677EFD0164ADCB5002DFE83 /* de */,
			);
			name = MainStoryboard.storyboard;
			path = ..;
			sourceTree = "<group>";
		};
		36DD728F164967B800D2C664 /* InfoPlist.strings */ = {
			isa = PBXVariantGroup;
			children = (
				3677EFD2164ADD20002DFE83 /* de */,
			);
			name = InfoPlist.strings;
			path = ..;
			sourceTree = "<group>";
		};
/* End PBXVariantGroup section */

/* Begin XCBuildConfiguration section */
		360EA231161F52C40005788D /* Debug */ = {
			isa = XCBuildConfiguration;
			buildSettings = {
				ALWAYS_SEARCH_USER_PATHS = NO;
				CLANG_CXX_LANGUAGE_STANDARD = "gnu++0x";
				CLANG_CXX_LIBRARY = "libc++";
				CLANG_ENABLE_OBJC_ARC = YES;
				CLANG_WARN_EMPTY_BODY = YES;
				CLANG_WARN__DUPLICATE_METHOD_MATCH = YES;
				"CODE_SIGN_IDENTITY[sdk=iphoneos*]" = "";
				COPY_PHASE_STRIP = NO;
				GCC_C_LANGUAGE_STANDARD = gnu99;
				GCC_DYNAMIC_NO_PIC = NO;
				GCC_OPTIMIZATION_LEVEL = 0;
				GCC_PREPROCESSOR_DEFINITIONS = (
					"DEBUG=1",
					"$(inherited)",
				);
				GCC_SYMBOLS_PRIVATE_EXTERN = NO;
				GCC_WARN_ABOUT_RETURN_TYPE = YES;
				GCC_WARN_UNINITIALIZED_AUTOS = YES;
				GCC_WARN_UNUSED_VARIABLE = YES;
				IPHONEOS_DEPLOYMENT_TARGET = 6.0;
				SDKROOT = iphoneos;
			};
			name = Debug;
		};
		360EA232161F52C40005788D /* Release */ = {
			isa = XCBuildConfiguration;
			buildSettings = {
				ALWAYS_SEARCH_USER_PATHS = NO;
				CLANG_CXX_LANGUAGE_STANDARD = "gnu++0x";
				CLANG_CXX_LIBRARY = "libc++";
				CLANG_ENABLE_OBJC_ARC = YES;
				CLANG_WARN_EMPTY_BODY = YES;
				CLANG_WARN__DUPLICATE_METHOD_MATCH = YES;
				"CODE_SIGN_IDENTITY[sdk=iphoneos*]" = "";
				COPY_PHASE_STRIP = YES;
				GCC_C_LANGUAGE_STANDARD = gnu99;
				GCC_WARN_ABOUT_RETURN_TYPE = YES;
				GCC_WARN_UNINITIALIZED_AUTOS = YES;
				GCC_WARN_UNUSED_VARIABLE = YES;
				IPHONEOS_DEPLOYMENT_TARGET = 6.0;
				OTHER_CFLAGS = "-DNS_BLOCK_ASSERTIONS=1";
				SDKROOT = iphoneos;
				VALIDATE_PRODUCT = YES;
			};
			name = Release;
		};
		360EA234161F52C40005788D /* Debug */ = {
			isa = XCBuildConfiguration;
			buildSettings = {
				GCC_PRECOMPILE_PREFIX_HEADER = YES;
				GCC_PREFIX_HEADER = "SchulOrg-Prefix.pch";
				INFOPLIST_FILE = "$(SRCROOT)/SchulOrg-Info.plist";
				IPHONEOS_DEPLOYMENT_TARGET = 5.1;
				PRODUCT_NAME = "$(TARGET_NAME)";
				TARGETED_DEVICE_FAMILY = 1;
				WRAPPER_EXTENSION = app;
			};
			name = Debug;
		};
		360EA235161F52C40005788D /* Release */ = {
			isa = XCBuildConfiguration;
			buildSettings = {
				GCC_PRECOMPILE_PREFIX_HEADER = YES;
				GCC_PREFIX_HEADER = "SchulOrg-Prefix.pch";
				INFOPLIST_FILE = "$(SRCROOT)/SchulOrg-Info.plist";
				IPHONEOS_DEPLOYMENT_TARGET = 5.1;
				PRODUCT_NAME = "$(TARGET_NAME)";
				TARGETED_DEVICE_FAMILY = 1;
				WRAPPER_EXTENSION = app;
			};
			name = Release;
		};
/* End XCBuildConfiguration section */

/* Begin XCConfigurationList section */
		360EA209161F52C30005788D /* Build configuration list for PBXProject "SchulOrg" */ = {
			isa = XCConfigurationList;
			buildConfigurations = (
				360EA231161F52C40005788D /* Debug */,
				360EA232161F52C40005788D /* Release */,
			);
			defaultConfigurationIsVisible = 0;
			defaultConfigurationName = Release;
		};
		360EA233161F52C40005788D /* Build configuration list for PBXNativeTarget "SchulOrg" */ = {
			isa = XCConfigurationList;
			buildConfigurations = (
				360EA234161F52C40005788D /* Debug */,
				360EA235161F52C40005788D /* Release */,
			);
			defaultConfigurationIsVisible = 0;
			defaultConfigurationName = Release;
		};
/* End XCConfigurationList section */
	};
	rootObject = 360EA206161F52C30005788D /* Project object */;
}
